
Microsoft Visual Studio Solution File, Format Version 12.00
# Visual Studio Version 17
VisualStudioVersion = 17.13.35825.156 d17.13
MinimumVisualStudioVersion = 10.0.40219.1
Project("{FAE04EC0-301F-11D3-BF4B-00C04F79EFBC}") = "PRACTICA 4", "PRACTICA 4.csproj", "{97454571-8263-48D0-8487-87A6A5822BA8}"
EndProject
Global
	GlobalSection(SolutionConfigurationPlatforms) = preSolution
		Debug|Any CPU = Debug|Any CPU
		Release|Any CPU = Release|Any CPU
	EndGlobalSection
	GlobalSection(ProjectConfigurationPlatforms) = postSolution
		{97454571-8263-48D0-8487-87A6A5822BA8}.Debug|Any CPU.ActiveCfg = Debug|Any CPU
		{97454571-8263-48D0-8487-87A6A5822BA8}.Debug|Any CPU.Build.0 = Debug|Any CPU
		{97454571-8263-48D0-8487-87A6A5822BA8}.Release|Any CPU.ActiveCfg = Release|Any CPU
		{97454571-8263-48D0-8487-87A6A5822BA8}.Release|Any CPU.Build.0 = Release|Any CPU
	EndGlobalSection
	GlobalSection(SolutionProperties) = preSolution
		HideSolutionNode = FALSE
	EndGlobalSection
	GlobalSection(ExtensibilityGlobals) = postSolution
		SolutionGuid = {1612B31F-BF94-49D0-AA2B-A49FD264BD55}
	EndGlobalSection
EndGlobal
