
Microsoft Visual Studio Solution File, Format Version 12.00
# Visual Studio Version 17
VisualStudioVersion = 17.13.35825.156 d17.13
MinimumVisualStudioVersion = 10.0.40219.1
Project("{FAE04EC0-301F-11D3-BF4B-00C04F79EFBC}") = "PRACTICA 19", "PRACTICA 19.csproj", "{E61A2DB0-DA84-4AEA-BE22-E1BEC42DDFF2}"
EndProject
Global
	GlobalSection(SolutionConfigurationPlatforms) = preSolution
		Debug|Any CPU = Debug|Any CPU
		Release|Any CPU = Release|Any CPU
	EndGlobalSection
	GlobalSection(ProjectConfigurationPlatforms) = postSolution
		{E61A2DB0-DA84-4AEA-BE22-E1BEC42DDFF2}.Debug|Any CPU.ActiveCfg = Debug|Any CPU
		{E61A2DB0-DA84-4AEA-BE22-E1BEC42DDFF2}.Debug|Any CPU.Build.0 = Debug|Any CPU
		{E61A2DB0-DA84-4AEA-BE22-E1BEC42DDFF2}.Release|Any CPU.ActiveCfg = Release|Any CPU
		{E61A2DB0-DA84-4AEA-BE22-E1BEC42DDFF2}.Release|Any CPU.Build.0 = Release|Any CPU
	EndGlobalSection
	GlobalSection(SolutionProperties) = preSolution
		HideSolutionNode = FALSE
	EndGlobalSection
	GlobalSection(ExtensibilityGlobals) = postSolution
		SolutionGuid = {B4FE6251-1A81-4F85-AE57-301ED710C430}
	EndGlobalSection
EndGlobal
