
Microsoft Visual Studio Solution File, Format Version 12.00
# Visual Studio Version 17
VisualStudioVersion = 17.13.35825.156 d17.13
MinimumVisualStudioVersion = 10.0.40219.1
Project("{FAE04EC0-301F-11D3-BF4B-00C04F79EFBC}") = "gif programacion", "gif programacion.csproj", "{DD6B38CC-00F5-4EC3-8B18-072E64377EC3}"
EndProject
Global
	GlobalSection(SolutionConfigurationPlatforms) = preSolution
		Debug|Any CPU = Debug|Any CPU
		Release|Any CPU = Release|Any CPU
	EndGlobalSection
	GlobalSection(ProjectConfigurationPlatforms) = postSolution
		{DD6B38CC-00F5-4EC3-8B18-072E64377EC3}.Debug|Any CPU.ActiveCfg = Debug|Any CPU
		{DD6B38CC-00F5-4EC3-8B18-072E64377EC3}.Debug|Any CPU.Build.0 = Debug|Any CPU
		{DD6B38CC-00F5-4EC3-8B18-072E64377EC3}.Release|Any CPU.ActiveCfg = Release|Any CPU
		{DD6B38CC-00F5-4EC3-8B18-072E64377EC3}.Release|Any CPU.Build.0 = Release|Any CPU
	EndGlobalSection
	GlobalSection(SolutionProperties) = preSolution
		HideSolutionNode = FALSE
	EndGlobalSection
	GlobalSection(ExtensibilityGlobals) = postSolution
		SolutionGuid = {991B02D0-DDD3-4306-8EF7-A92CE9B454A5}
	EndGlobalSection
EndGlobal
